
Microsoft Visual Studio Solution File, Format Version 12.00
# Visual Studio 15
VisualStudioVersion = 15.0.27703.2047
MinimumVisualStudioVersion = 10.0.40219.1
Project("{FAE04EC0-301F-11D3-BF4B-00C04F79EFBC}") = "Bakalauras_2020", "Bakalauras_2020\Bakalauras_2020.csproj", "{C0CE320A-D456-4734-8D5F-E9CCC13FB559}"
EndProject
Global
	GlobalSection(SolutionConfigurationPlatforms) = preSolution
		Debug|Any CPU = Debug|Any CPU
		Release|Any CPU = Release|Any CPU
	EndGlobalSection
	GlobalSection(ProjectConfigurationPlatforms) = postSolution
		{C0CE320A-D456-4734-8D5F-E9CCC13FB559}.Debug|Any CPU.ActiveCfg = Debug|Any CPU
		{C0CE320A-D456-4734-8D5F-E9CCC13FB559}.Debug|Any CPU.Build.0 = Debug|Any CPU
		{C0CE320A-D456-4734-8D5F-E9CCC13FB559}.Release|Any CPU.ActiveCfg = Release|Any CPU
		{C0CE320A-D456-4734-8D5F-E9CCC13FB559}.Release|Any CPU.Build.0 = Release|Any CPU
	EndGlobalSection
	GlobalSection(SolutionProperties) = preSolution
		HideSolutionNode = FALSE
	EndGlobalSection
	GlobalSection(ExtensibilityGlobals) = postSolution
		SolutionGuid = {B07801D5-C54E-4FA5-872D-0D1F62A35089}
	EndGlobalSection
EndGlobal
